
Microsoft Visual Studio Solution File, Format Version 12.00
# Visual Studio Version 17
VisualStudioVersion = 17.12.35707.178
MinimumVisualStudioVersion = 10.0.40219.1
Project("{FAE04EC0-301F-11D3-BF4B-00C04F79EFBC}") = "Template.API", "Template.API\Template.API.csproj", "{F67A5C3A-FEBA-4276-B0E9-1C0A91E11095}"
EndProject
Project("{FAE04EC0-301F-11D3-BF4B-00C04F79EFBC}") = "Template.BL", "Template.BL\Template.BL.csproj", "{794C0B96-6B46-4747-AE47-040C55F1CCEF}"
EndProject
Project("{FAE04EC0-301F-11D3-BF4B-00C04F79EFBC}") = "Template.DL", "Template.DL\Template.DL.csproj", "{AFEB39A5-E2F1-4CBC-9D1E-63272C4B7F0C}"
EndProject
Global
	GlobalSection(SolutionConfigurationPlatforms) = preSolution
		Debug|Any CPU = Debug|Any CPU
		Release|Any CPU = Release|Any CPU
	EndGlobalSection
	GlobalSection(ProjectConfigurationPlatforms) = postSolution
		{F67A5C3A-FEBA-4276-B0E9-1C0A91E11095}.Debug|Any CPU.ActiveCfg = Debug|Any CPU
		{F67A5C3A-FEBA-4276-B0E9-1C0A91E11095}.Debug|Any CPU.Build.0 = Debug|Any CPU
		{F67A5C3A-FEBA-4276-B0E9-1C0A91E11095}.Release|Any CPU.ActiveCfg = Release|Any CPU
		{F67A5C3A-FEBA-4276-B0E9-1C0A91E11095}.Release|Any CPU.Build.0 = Release|Any CPU
		{794C0B96-6B46-4747-AE47-040C55F1CCEF}.Debug|Any CPU.ActiveCfg = Debug|Any CPU
		{794C0B96-6B46-4747-AE47-040C55F1CCEF}.Debug|Any CPU.Build.0 = Debug|Any CPU
		{794C0B96-6B46-4747-AE47-040C55F1CCEF}.Release|Any CPU.ActiveCfg = Release|Any CPU
		{794C0B96-6B46-4747-AE47-040C55F1CCEF}.Release|Any CPU.Build.0 = Release|Any CPU
		{AFEB39A5-E2F1-4CBC-9D1E-63272C4B7F0C}.Debug|Any CPU.ActiveCfg = Debug|Any CPU
		{AFEB39A5-E2F1-4CBC-9D1E-63272C4B7F0C}.Debug|Any CPU.Build.0 = Debug|Any CPU
		{AFEB39A5-E2F1-4CBC-9D1E-63272C4B7F0C}.Release|Any CPU.ActiveCfg = Release|Any CPU
		{AFEB39A5-E2F1-4CBC-9D1E-63272C4B7F0C}.Release|Any CPU.Build.0 = Release|Any CPU
	EndGlobalSection
	GlobalSection(SolutionProperties) = preSolution
		HideSolutionNode = FALSE
	EndGlobalSection
EndGlobal
